GLC:UZTvdCzEtC5+ezRUNZFvLuWn5nPsREpBX4FDxxStseTHsOrPttI2lhYzN4Jv/3dYW1uZcEa1BYL3Y2JN2puRNDoDxCPyHFHRiXpfZyiF
GLC:zE1tooDB82ZvaBCfv8sKbw97Ex/xu32MGjVzrS0ZZTIMG2z9F0j6HtaK/s3N0OUfM0fmGAY4yCE47jk6tudcYU6utZi4
GLC:xAJF/otMQ/AyVLGDxLDbi5S3AStseUMH652gxF3WX4kWEidbcsCKRg==
GLC:EETXTSPZOMDwLcWO7Oelkhm8ZuwomjQJ04UkQ7g=
GLC:s0X15EA16xGfFabBp/RiiuW9tpmyIg2DcnSE5ctAQJ2VQMnheoci6w==
GLC:ltzZ4JgL3qGc/g8VGZH3yMRqhHfh5d8TZGtfeNYsJgUWU5tbPMBr2Nju
GLC:ZGN4uIIH/anwkZzG22WV11P5H7uAeDdhCn/mrmmDjC070fEYzZdMH5ij50vH4g==
GLC:uSmdm6RvZGEVds/AXFFILxwsgX1xR0Wh6fqRCkLiVhyxl7D4F2qiQchJXCOU7j3jZg4uFZzauVkEjDqZj8UaN78vnytbmv+4bxPTB3EP1hQTPpNuTwpg8xk9iy++
GLC:N6nMeVz9Nl6SyXYavK/gTKZwWNvyFhTtcfO3oQT5A2npuyNSUtsTchbMdao5IW+mxg4jCJrI4h7aBQSONUiKOgAOj8cEULk4ZeVhZgiTYasPiniJbyiSef+tslxbUnZfjlJVogp37VV3ww==
GLC:JG0SOw9cPjKoVvNWQ9MHVk7wHrc0u5C2PT32UcuvJLmYImJE71fu2H49YzUh
GLC:+frmhG0XtL/QLhp6OF8/Rli92JTehM4XgcUiSlQW+Ynyk0/B3YNo3dUNso8CsA==
GLC:DrJjJSqCgrrk6NGo8PGwWxgSwDCjRqlKOkHPE7cBXNyWxw8+QzQXTTB1acbN3g==
GLC:93y2puaXVuM+0xBGhhhI0qbDwkO9p38W+Q9j1rdQ
GLC:EETXTSPZOMDwLcWO7Oelkhm8ZuwomjQJ04UkQ7g=
GLC:s0X15EA16xGfFabBp/RiiuW9tpmyIg2DcnSE5ctAQJ2VQMnheoci6w==
GLC:UDvn8Y0kq4YEvH4S335LIwjCpsGou8k3v06EvujfT5wJb45e9de+RyaFGig4tg==
GLC:hAtwbGns6ASGcaf88GgICFVP3CsHyWz4CR979AuZY82PPJqJhV1ZFTU1T9BTHSo=
GLC:uSmdm6RvZGEVds/AXFFILxwsgX1xR0Wh6fqRCkLiVhyxl7D4F2qiQchJXCOU7j3jZg4uFZzauVkEjDqZj8UaN78vnytbmv+4bxPTB3EP1hQTPpNuTwpg8xk9iy++
GLC:gdLSlvW/ntqBC4CnOglFfKxinvbMHavztvcrATdOgijOzOSl7kYydDUXpbb3mKAHg9W+U0hrkMqiO2srq4/+sEo8J6VQmpwjERyAUNbrGi0yI1eSYXsEy20l9PUlTbdWhNciVUuochySAQ==
GLC:JG0SOw9cPjKoVvNWQ9MHVk7wHrc0u5C2PT32UcuvJLmYImJE71fu2H49YzUh
GLC:8HaYzr/yznpn5/jRTHq6O+HscGHzRgvVHUIKf6GZGZqEsgXg/X4SqQ==
GLC:9E8jYjVVm7IKV6k5Pa6rOBwMUvRcBKALAmIsmNCAsv/x7gxapAaHUUfpBs5+dg==
GLC:u/xMSsAijJr7naA6UZWRVbU+RYkjVYgK4pC2EyKDnrmX74kpsXMLpM5AzbgjYg==
GLC:wXN3gDsKbFwA0ySUE28FK0KcJ8ft5rlRtgXoMs37BAHuY+NOJOiB/2lGORiLr8Q=
GLC:wPxFV7LFU6eHLHeO54/8bwIsrBKkq9FwDp9IPiULR4wkC0hsSEJT3kQD9wM=
GLC:F6ELjGSnhXAVBTMl/I9Fmqz5Ty7oUrVuEyzJqL7jTo04l3/4bm2DG6b+J5Ck7jPyVZqcj/s=
GLC:EftVhZb6pgDS+9BuX5JWQ7gbadzVynKOPm+jHnKT/RuEjciLsdiGBjYs
GLC:93y2puaXVuM+0xBGhhhI0qbDwkO9p38W+Q9j1rdQ
GLC:EETXTSPZOMDwLcWO7Oelkhm8ZuwomjQJ04UkQ7g=
GLC:s0X15EA16xGfFabBp/RiiuW9tpmyIg2DcnSE5ctAQJ2VQMnheoci6w==
GLC:vb6XqE4oE6zDYkYYkMjYwiSew+o3NzfQGccThKDCtR13CrTqD/n2Y9y2fEkw
GLC:li4Z8wq81174B7w0lb+OXifZSAu7U4fVjgHmwuy0V4wT9arncQ8H6BwO+fxHe4U=
GLC:uSmdm6RvZGEVds/AXFFILxwsgX1xR0Wh6fqRCkLiVhyxl7D4F2qiQchJXCOU7j3jZg4uFZzauVkEjDqZj8UaN78vnytbmv+4bxPTB3EP1hQTPpNuTwpg8xk9iy++
GLC:rVElb/qGPsiku/NZfeoGrXdbUrjdanWb+w3V3EdzpZXNLZzmXptVLaLCSz9QWDnrQ2br/JYOs2fZ79h7Fwt+DP5ceKVAbJnChQH3aclOmjCuzNGjOdXXlUErtXUbhSKe4wKoudUCvHdC0A==
GLC:EETXTSPZOMDwLcWO7Oelkhm8ZuwomjQJ04UkQ7g=
GLC:s0X15EA16xGfFabBp/RiiuW9tpmyIg2DcnSE5ctAQJ2VQMnheoci6w==
GLC:5r3JH5q6h5SX19seK2IUJMhGTHFBeiBAzYq7QsHKsSq8N6l/wx+cQMrp+Xj/KvXUPqwq
GLC:mDtRAOJKALYu0lyeyyf8fj/6aUWaaFcWp1Qvv8RctBYkLI0gpuUx/aitMYfl7A==
GLC:uSmdm6RvZGEVds/AXFFILxwsgX1xR0Wh6fqRCkLiVhyxl7D4F2qiQchJXCOU7j3jZg4uFZzauVkEjDqZj8UaN78vnytbmv+4bxPTB3EP1hQTPpNuTwpg8xk9iy++
GLC:KsI2u5Y2A4uGXY+6YgE32LqaVS+yDGdNFwz8F/RQRk9cZNUcF+VnR7qVGtgdO2EfOC6YE78upEs/EORMRZiMJxQ98fbFe4qghIgkciWp9XL8R8T0dJm+PXdg/QuzXX4wYegjnfxoEJHWkw==
GLC:JG0SOw9cPjKoVvNWQ9MHVk7wHrc0u5C2PT32UcuvJLmYImJE71fu2H49YzUh
GLC:EftVhZb6pgDS+9BuX5JWQ7gbadzVynKOPm+jHnKT/RuEjciLsdiGBjYs
GLC:93y2puaXVuM+0xBGhhhI0qbDwkO9p38W+Q9j1rdQ
GLC:EETXTSPZOMDwLcWO7Oelkhm8ZuwomjQJ04UkQ7g=
GLC:s0X15EA16xGfFabBp/RiiuW9tpmyIg2DcnSE5ctAQJ2VQMnheoci6w==
GLC:+RnKESM/Acqaa96Zkj+/QG7OrFBAmbCmD7VwvzRkHj71TP3Fz3GVvNrPLKLURJGR9MO+
GLC:3pyP3vkL8lvfLLPpaHMBu0kX0hzKoEUz3uTISQmhmuUNDB/7kdDGmIkFc5PySQ==
GLC:uSmdm6RvZGEVds/AXFFILxwsgX1xR0Wh6fqRCkLiVhyxl7D4F2qiQchJXCOU7j3jZg4uFZzauVkEjDqZj8UaN78vnytbmv+4bxPTB3EP1hQTPpNuTwpg8xk9iy++
GLC:AP8z8h0Hm7N7O45xzEZDxe/jiImQV2U0LQh4qDb5gocMYrutLddmKIK28X7Jwzyyybkkj8unCPfouAdBSFnEBdgxlqaDiRtCag4IL7RrMILFIehJm00habDex7CqeIrF71vU8TcyIWB/yA==
GLC:JG0SOw9cPjKoVvNWQ9MHVk7wHrc0u5C2PT32UcuvJLmYImJE71fu2H49YzUh
GLC:dV8sfkO4zNZEBuychmA0aMzC8wFXkOAnldgUfHiM+rtJiI86syDgXdcz8Gk=
GLC:93y2puaXVuM+0xBGhhhI0qbDwkO9p38W+Q9j1rdQ
GLC:EETXTSPZOMDwLcWO7Oelkhm8ZuwomjQJ04UkQ7g=
GLC:s0X15EA16xGfFabBp/RiiuW9tpmyIg2DcnSE5ctAQJ2VQMnheoci6w==
GLC:IZt15KHfjbiYjGv9IYPqOUCqhQmJDf1fSTj8UYHA1GTnUAuXPaqHQxDjh1pKqwhwQu1TOw==
GLC:Jn4Lk5Hd/ZwlB+R/cRllWkfl8e7rFkRPpVs3MON8Mr4Nyp0+Q0vhaidft/ykdp8=
GLC:uSmdm6RvZGEVds/AXFFILxwsgX1xR0Wh6fqRCkLiVhyxl7D4F2qiQchJXCOU7j3jZg4uFZzauVkEjDqZj8UaN78vnytbmv+4bxPTB3EP1hQTPpNuTwpg8xk9iy++
GLC:tbZadILi/ZoklDXxc9TD/FM6Ja+axFqRUnRz5CKwm36dx+U8zLo3OrwBYvJy64jkj+wgbdlApvrU4DCKzKXUGYbzFm7AdbD0JL1QqET6hEusd9KZO7u5x0013xOvLbPFHPCw0hfFjpTZKg==
GLC:JG0SOw9cPjKoVvNWQ9MHVk7wHrc0u5C2PT32UcuvJLmYImJE71fu2H49YzUh
GLC:8HaYzr/yznpn5/jRTHq6O+HscGHzRgvVHUIKf6GZGZqEsgXg/X4SqQ==
GLC:rIBvLhhA3JvEcf05eAIGyWWS2FbzUZolf+pbISv2j8N01n6qsZBdv6fOFv2qbZAuuFDv
GLC:dV8sfkO4zNZEBuychmA0aMzC8wFXkOAnldgUfHiM+rtJiI86syDgXdcz8Gk=
GLC:93y2puaXVuM+0xBGhhhI0qbDwkO9p38W+Q9j1rdQ
GLC:EETXTSPZOMDwLcWO7Oelkhm8ZuwomjQJ04UkQ7g=
GLC:s0X15EA16xGfFabBp/RiiuW9tpmyIg2DcnSE5ctAQJ2VQMnheoci6w==
GLC:SmSOPvOxNvHuJEO5t+EcgxztQz4umzN3mQ23O3bHPqsYMs/f5UNwe2rolVM=
GLC:o70CNzbxoxzWkBvneBaoEYtZ2XS86q2FXiRLKSfP+uWM2fNKNbfJU4x+Y2vAaEU=
GLC:uSmdm6RvZGEVds/AXFFILxwsgX1xR0Wh6fqRCkLiVhyxl7D4F2qiQchJXCOU7j3jZg4uFZzauVkEjDqZj8UaN78vnytbmv+4bxPTB3EP1hQTPpNuTwpg8xk9iy++
GLC:sHJhTEpV5ZgI0Ekj4a2JPpjMjkOcbRDYd+zyz+ojvxbZlLnCME1BgD3BMGxIPAWtGsrDUzXGQYrd/61Zx7drhIyLnMLHqHyZ40RPto4O79ieN3LFMW7qMmO1rVsdfOyYaWB6p+DE7IJJCw==
GLC:EETXTSPZOMDwLcWO7Oelkhm8ZuwomjQJ04UkQ7g=
GLC:s0X15EA16xGfFabBp/RiiuW9tpmyIg2DcnSE5ctAQJ2VQMnheoci6w==
GLC:ja17uhNxd01ljGK8bqiMOydv33qvUCcRlbG+SjDOsl8Dehp+jfpC4WW++/zdjJ1E7/g=
GLC:UtaqxCmUrINoXINckifwFp7fiVfrGWYT0zUA3lcUgZJgGUck+YK8PfC7NDUg7gg=
GLC:uSmdm6RvZGEVds/AXFFILxwsgX1xR0Wh6fqRCkLiVhyxl7D4F2qiQchJXCOU7j3jZg4uFZzauVkEjDqZj8UaN78vnytbmv+4bxPTB3EP1hQTPpNuTwpg8xk9iy++
GLC:uy7jfM7zUi6oq8xoCWHUUXzBOCzs28aLTjx4HskHKn+4Wyx/JIiuCuecR+UY1ao5fJ1fC3QvM83mDbbaArVlM3Ql4Y9PWQNbuEuTAOEEfEaZxXTrY3qiqh1n2+o2tM968RRZgMQv5PDMtA==
GLC:JG0SOw9cPjKoVvNWQ9MHVk7wHrc0u5C2PT32UcuvJLmYImJE71fu2H49YzUh
GLC:DrJjJSqCgrrk6NGo8PGwWxgSwDCjRqlKOkHPE7cBXNyWxw8+QzQXTTB1acbN3g==
GLC:93y2puaXVuM+0xBGhhhI0qbDwkO9p38W+Q9j1rdQ
GLC:EETXTSPZOMDwLcWO7Oelkhm8ZuwomjQJ04UkQ7g=
GLC:s0X15EA16xGfFabBp/RiiuW9tpmyIg2DcnSE5ctAQJ2VQMnheoci6w==
GLC:3DggVZEXVGfKZyz2RrG6/DboGc+803YDzUKuUA/nbhi7/rn856suQ7PkJqE=
GLC:RART+s2icoAbi9QJ3AdepY65CX5pT1quAYT5N2LsVXIF4niAQDfXgB97eLETpg==
GLC:uSmdm6RvZGEVds/AXFFILxwsgX1xR0Wh6fqRCkLiVhyxl7D4F2qiQchJXCOU7j3jZg4uFZzauVkEjDqZj8UaN78vnytbmv+4bxPTB3EP1hQTPpNuTwpg8xk9iy++
GLC:OWZCxCxr9V+YHKZvsd6LX/gADT9GXLZoGjvM78+YLar7FH4RB57HPGRhqy3+4kdptzehOXcgEZ55adv9uhoh5aw7PXYry8o4nUygzIaOc/ntFLO77MWT0Jle+moMTvPp3wafmd3XN+UALA==
GLC:EETXTSPZOMDwLcWO7Oelkhm8ZuwomjQJ04UkQ7g=
GLC:s0X15EA16xGfFabBp/RiiuW9tpmyIg2DcnSE5ctAQJ2VQMnheoci6w==
GLC:qH1qHfiDODOE2wAvVDcVWvOtkR+IUsdZnx5XsAEYi10Vjyc8ycN/la85V74tOg==
GLC:qdWO2waGY8AUWNcNv1uKrbJ9rfbjL80+iIcpeMCoNWTbYFa3IzDYhP9QmQihwA==
GLC:uSmdm6RvZGEVds/AXFFILxwsgX1xR0Wh6fqRCkLiVhyxl7D4F2qiQchJXCOU7j3jZg4uFZzauVkEjDqZj8UaN78vnytbmv+4bxPTB3EP1hQTPpNuTwpg8xk9iy++
GLC:+B0V3Scjo7vmYJZ4ji/+4FAuE97lNSGJxQMzWeeMJqfYZJeEh3K19STREi/G5iIMHwfxNBz3FTrjFP6S+suzofs0BLltIr3APQ6mjFctuupNFj1hwd/stkagQBcqfw0JbxjokslaMh1OlQ==
GLC:JG0SOw9cPjKoVvNWQ9MHVk7wHrc0u5C2PT32UcuvJLmYImJE71fu2H49YzUh
GLC:/3+YjdgN6n/mGfN2pNLPILCM+PfXQE+QdgCeoIYyS7GE4XSQtFbM
GLC:K3kWpf9Z7rVKyChVlkXeGNfwAPni/kSyeT9I/aCInLPkVt57RsYH
GLC:aAJKBrPjE9cagghbf1KO3rSI8HiYDPNnq3aF/0uINQDjM8SldLHpVh+b5ck=
GLC:93y2puaXVuM+0xBGhhhI0qbDwkO9p38W+Q9j1rdQ
GLC:EETXTSPZOMDwLcWO7Oelkhm8ZuwomjQJ04UkQ7g=
GLC:s0X15EA16xGfFabBp/RiiuW9tpmyIg2DcnSE5ctAQJ2VQMnheoci6w==
GLC:xHuDyZXX7cvEccXlhsiA/gBi8pGSsrCIx9nFNunOVxaHYmEboOg1Ph2sjqVA54jo3tB9Kw9p
GLC:gtZXPrg+yLcnmXT3iJ0H87Mfp6irNUPkKjwocozc5hFSRzIyPquJfWyiYAeED3Y=
GLC:uSmdm6RvZGEVds/AXFFILxwsgX1xR0Wh6fqRCkLiVhyxl7D4F2qiQchJXCOU7j3jZg4uFZzauVkEjDqZj8UaN78vnytbmv+4bxPTB3EP1hQTPpNuTwpg8xk9iy++
GLC:jyKh3SaoI7cJWOsBCCyiwt2PNqM91MyVi2D3KOi5dhSOw1pSwOP/+090w5sLj+vFlMVbI7iL3buijDHUMSkF2g6oBENBRq/70rxCodpkkHKl5+wTisSwm5riU1Lwse42cJIoeDszZkAnbw==
GLC:JG0SOw9cPjKoVvNWQ9MHVk7wHrc0u5C2PT32UcuvJLmYImJE71fu2H49YzUh
GLC:dY8ey1IGM43DS6g3mlqZ7eHhHUrdp3JoezUTTomIPJ+YJ446gA==
GLC:gwaj8hun8ud5TOE4q1SVsDL4M/WmHClksik9PtsUDSfXuDxvt72STtI=
GLC:K3kWpf9Z7rVKyChVlkXeGNfwAPni/kSyeT9I/aCInLPkVt57RsYH
GLC:JJLZ4a5Wn/Gdx6mkXdQjYWVIFm4LNilsDXigs6LbowlCgCBUpeVlF7s=
GLC:EN2dEwVh42ziX/Zj1yizJ6633kO/R/3VVFvg/PvLOfga8U1eGvq//g==
GLC:93y2puaXVuM+0xBGhhhI0qbDwkO9p38W+Q9j1rdQ
GLC:EETXTSPZOMDwLcWO7Oelkhm8ZuwomjQJ04UkQ7g=
GLC:s0X15EA16xGfFabBp/RiiuW9tpmyIg2DcnSE5ctAQJ2VQMnheoci6w==
GLC:JonK2EIH6JsdO6iQB+SaUQbHPoPV/dbSfi79BL0W69uBkO+AFkXR019hieQ=
GLC:0LFmwr7Dr0S6LPj7wBH94yy+2MLrLqYxAh94/U7S56RhvStPQRx42//Dmhfhqw==
GLC:uSmdm6RvZGEVds/AXFFILxwsgX1xR0Wh6fqRCkLiVhyxl7D4F2qiQchJXCOU7j3jZg4uFZzauVkEjDqZj8UaN78vnytbmv+4bxPTB3EP1hQTPpNuTwpg8xk9iy++
GLC:h2GM27FHn7GoXH/BFe7JUCZnFEeRtC4XsV7T6HTDS6rOeF0O/ErrkZDAEnMXYecsfMeSHFVBLMfOLHyInvGmu/WzrtP4l9wonbfMKw7fxUUrEC/7b6M3jfurAlromvWORFfr7aIh20gfbg==
GLC:JG0SOw9cPjKoVvNWQ9MHVk7wHrc0u5C2PT32UcuvJLmYImJE71fu2H49YzUh
GLC:+frmhG0XtL/QLhp6OF8/Rli92JTehM4XgcUiSlQW+Ynyk0/B3YNo3dUNso8CsA==
GLC:P610noOv4PAKgsgQZZBeuv36rQwjHE23yS0qQQeYRzjGnYoLd3U=
GLC:EN2dEwVh42ziX/Zj1yizJ6633kO/R/3VVFvg/PvLOfga8U1eGvq//g==
GLC:93y2puaXVuM+0xBGhhhI0qbDwkO9p38W+Q9j1rdQ
GLC:EETXTSPZOMDwLcWO7Oelkhm8ZuwomjQJ04UkQ7g=
GLC:s0X15EA16xGfFabBp/RiiuW9tpmyIg2DcnSE5ctAQJ2VQMnheoci6w==
GLC:CHJuA41Ceqx/66XmZXeVwd20BPEZ/8Uw4d0dLQOJlttw38HKDPfg4eYO
GLC:2l/WhQW7ZytXVCE0XM3+GVfiyazHIibWhmrKtOp1xT+rPjMLD42Roeta6V5zu0E=
GLC:uSmdm6RvZGEVds/AXFFILxwsgX1xR0Wh6fqRCkLiVhyxl7D4F2qiQchJXCOU7j3jZg4uFZzauVkEjDqZj8UaN78vnytbmv+4bxPTB3EP1hQTPpNuTwpg8xk9iy++
GLC:SKx5ZezduGqPDrCyQZgouxFafND27aOBR+pGn9NaCzBx9eV6y/MgcBf4oxFjvoP57YXm/fS3Q1OOqloovRe7cAeQA9hF7vTQnOVR0aocbCLBzm5HqXVQAl559cghm+++wmEbbrtTc994aQ==
GLC:JG0SOw9cPjKoVvNWQ9MHVk7wHrc0u5C2PT32UcuvJLmYImJE71fu2H49YzUh
GLC:R9U0GDgXsit8xPAklENaafPxluvNIpXIBNMNPZMzpRR18L+s8quIS4HOHzYI
GLC:bZND3KOdq9Ke/eep1NLg9GfEvMh2PKNr0/TMAd7aqxOr8drwGhqVQHdRyUk=
GLC:93y2puaXVuM+0xBGhhhI0qbDwkO9p38W+Q9j1rdQ
GLC:EETXTSPZOMDwLcWO7Oelkhm8ZuwomjQJ04UkQ7g=
GLC:s0X15EA16xGfFabBp/RiiuW9tpmyIg2DcnSE5ctAQJ2VQMnheoci6w==
GLC:ItDvtMz3ZkQJIFnmUESryVlXjSKHNBPp9iL/1ym3oUx6qzNcS5am5RcQXaP02rXCosI=
GLC:2l/WhQW7ZytXVCE0XM3+GVfiyazHIibWhmrKtOp1xT+rPjMLD42Roeta6V5zu0E=
GLC:uSmdm6RvZGEVds/AXFFILxwsgX1xR0Wh6fqRCkLiVhyxl7D4F2qiQchJXCOU7j3jZg4uFZzauVkEjDqZj8UaN78vnytbmv+4bxPTB3EP1hQTPpNuTwpg8xk9iy++
GLC:XrYNSHYgNQT17Hzr9vi3h1WZM8xQyi9zssrM4NbnFpR/zZ3sxvRB+rThycI09EBFmv7Kz3WW5/G3XPYxAMM3VMtIYMLm0UMK08sWmUYtChLsJxTFyjAPWAmk1gCt5HYmzByQM8Jy+j+4Aw==
GLC:JG0SOw9cPjKoVvNWQ9MHVk7wHrc0u5C2PT32UcuvJLmYImJE71fu2H49YzUh
GLC:Wts/ycpj0OdqdNZ7TsCv93blUC1kYHtlSQezWyG2JZc1vVrPjnDL64I=
GLC:8HaYzr/yznpn5/jRTHq6O+HscGHzRgvVHUIKf6GZGZqEsgXg/X4SqQ==
GLC:/erNUrRR8KEmxMDr9TQ6fB9VYVYc7jWxhhqHhaIlpNzg175+KqROqDI=
GLC:QtzWFgqLxm7h7L50UkTig8mhA7+ikwZ9jIc2OqAlBoElkksbv6xy
GLC:93y2puaXVuM+0xBGhhhI0qbDwkO9p38W+Q9j1rdQ
GLC:EETXTSPZOMDwLcWO7Oelkhm8ZuwomjQJ04UkQ7g=
GLC:s0X15EA16xGfFabBp/RiiuW9tpmyIg2DcnSE5ctAQJ2VQMnheoci6w==
GLC:lxyvq3iRJLXlmnoYocP2tsuiTW2dwqy+vaXWUp8cMKbpkZhZ8r9VX4eMCrXmTJB2bQ==
GLC:RlO2rhtJ+4naDvgQwjToiu3eR4jbNtRV1pwOSCMhTnCQdxRn72cv79Zd3ioc0vo=
GLC:uSmdm6RvZGEVds/AXFFILxwsgX1xR0Wh6fqRCkLiVhyxl7D4F2qiQchJXCOU7j3jZg4uFZzauVkEjDqZj8UaN78vnytbmv+4bxPTB3EP1hQTPpNuTwpg8xk9iy++
GLC:SnWduBxL0reUFBNi+ePMCg0avXRMvfagrA5DVNAQ0B9R/7LUQirmpp5LumiqE/yqZW73bfwQqlJj+e/yRZKxfHZrL3wZozHYExKLyg49TH6Br7HtABryDiMo+qimDe+DwhlkQS2yZzl46Q==
GLC:JG0SOw9cPjKoVvNWQ9MHVk7wHrc0u5C2PT32UcuvJLmYImJE71fu2H49YzUh
GLC:gbUE3UYKmd5Ojw68JLec2U2uLEvgeAO+Qq8UtmKjhrBpWXk3rQ==
GLC:wuU4Zp7OhNw0sHanad+0o5C8Stutbb7aaGSCSMD7DEt0u9XNVdKZ2Kvd9nc=
GLC:9/dMtUHKgPXr8bOQyc2oQAWIN4Yd2aEgzhueID5VZS71vKAmq5I=
GLC:4mZ+6+30ZSAGnz+LZ0fIsEA6huc9WtGoBrgnty/LZj1ejux7
GLC:93y2puaXVuM+0xBGhhhI0qbDwkO9p38W+Q9j1rdQ
GLC:EETXTSPZOMDwLcWO7Oelkhm8ZuwomjQJ04UkQ7g=
GLC:s0X15EA16xGfFabBp/RiiuW9tpmyIg2DcnSE5ctAQJ2VQMnheoci6w==
GLC:CYUa6rFEjFw2xDnLxoRgNBC9cd3M41WN8e0XPdOLuqbDtZZvZSU/csNDtVk0VA==
GLC:KrCNdpk5Lx8Ntd46En1ksV1W5kzNIHtm1mjAnCzLRq6cmnHXID4DcYQBzvnkgA==
GLC:uSmdm6RvZGEVds/AXFFILxwsgX1xR0Wh6fqRCkLiVhyxl7D4F2qiQchJXCOU7j3jZg4uFZzauVkEjDqZj8UaN78vnytbmv+4bxPTB3EP1hQTPpNuTwpg8xk9iy++
GLC:hntEm46QC38KDlpysGp78Mx8TpvxlInQC550jXf8HedWY8Xli0tBuG4Qr/pE8R75+J0jQEgk6WKrSLxFpxvAWXni4INUpPvXSyYGfsXhLcauz8RwPlJ4dFRFryDbhEY6taiHqQkzV2h6Gw==
GLC:EETXTSPZOMDwLcWO7Oelkhm8ZuwomjQJ04UkQ7g=
GLC:s0X15EA16xGfFabBp/RiiuW9tpmyIg2DcnSE5ctAQJ2VQMnheoci6w==
GLC:hbIyRKydW2DHZ8ftENi97VHBylWEEWkOLIq3p61HwLqnhUhUOGBBFZmZRudkwxUq4w==
GLC:RART+s2icoAbi9QJ3AdepY65CX5pT1quAYT5N2LsVXIF4niAQDfXgB97eLETpg==
GLC:uSmdm6RvZGEVds/AXFFILxwsgX1xR0Wh6fqRCkLiVhyxl7D4F2qiQchJXCOU7j3jZg4uFZzauVkEjDqZj8UaN78vnytbmv+4bxPTB3EP1hQTPpNuTwpg8xk9iy++
GLC:r/6nY4a1yhRZh5xAe87gX45Gm9CEc/j9drf11O7z/ASPNgU1raiXqNNPw9LM79FFK9Vu9Q9tGv9R6wgjl/jcPRNH4dYw6CilifR965WN5VRyMj60rxZC+yBFkW9ah9gmw+640t0/lPxV+g==
GLC:EETXTSPZOMDwLcWO7Oelkhm8ZuwomjQJ04UkQ7g=
GLC:s0X15EA16xGfFabBp/RiiuW9tpmyIg2DcnSE5ctAQJ2VQMnheoci6w==
GLC:GxtxIXyJ3u1tB0xURNl6gdZWd+k9WS/VO9hKwtJCq2xQ0k8icgo6lRmYlLpS4cKHpw==
GLC:A6BaE27huvlbRBMwbLqfCDsKFPLQXEY1xmnfBAINyO6UNm3x353YlkgfpenabTQ=
GLC:uSmdm6RvZGEVds/AXFFILxwsgX1xR0Wh6fqRCkLiVhyxl7D4F2qiQchJXCOU7j3jZg4uFZzauVkEjDqZj8UaN78vnytbmv+4bxPTB3EP1hQTPpNuTwpg8xk9iy++
GLC:lotA5T9xRxmz7NoUAXvqB6g8RopRXUL4VAvizNB7VDuZkqhrXYC2A2W6KIU/3LNhcU4/SLDKEltuSYp3W4bwPGZdEaHhG5K6AYaNFWBg2WmkpQ8ocFBrGf6rM/rFkBQ8OTGAPVswdlFJiw==
GLC:JG0SOw9cPjKoVvNWQ9MHVk7wHrc0u5C2PT32UcuvJLmYImJE71fu2H49YzUh
GLC:MiHecX5OII1dP2XvdzcEVjuYu347Mb18GlD8K1ibjVTB6yb3Ew==
GLC:93y2puaXVuM+0xBGhhhI0qbDwkO9p38W+Q9j1rdQ
GLC:EETXTSPZOMDwLcWO7Oelkhm8ZuwomjQJ04UkQ7g=
GLC:s0X15EA16xGfFabBp/RiiuW9tpmyIg2DcnSE5ctAQJ2VQMnheoci6w==
GLC:nMwrQ6xYaUBDVTMM0oTnidPkWPbjXLJnJZZTJj7Yi8Vp1AajES/7jbiM3YwzwajTUTnV
GLC:UAsceU1fwmZXVl0xzPWp8Now8hZ7LVyBjsltjQRGExv5qtINDJrHk24NBRC9Rw==
GLC:uSmdm6RvZGEVds/AXFFILxwsgX1xR0Wh6fqRCkLiVhyxl7D4F2qiQchJXCOU7j3jZg4uFZzauVkEjDqZj8UaN78vnytbmv+4bxPTB3EP1hQTPpNuTwpg8xk9iy++
GLC:4L+v3nfU/94z8BxP3PzbaPhAyAPaxq6CSHKVoPDrHQHlrjm0oDlr9gKSn6bs3iqADBBTNDhVr+6t7RZdNlaBJGt3y2DMupdfa09WEuk2Sxm/toRXqkGZgR92r5KfHFcyNeeBYvnvQIiYtA==
GLC:JG0SOw9cPjKoVvNWQ9MHVk7wHrc0u5C2PT32UcuvJLmYImJE71fu2H49YzUh
GLC:DrJjJSqCgrrk6NGo8PGwWxgSwDCjRqlKOkHPE7cBXNyWxw8+QzQXTTB1acbN3g==
GLC:9idmI1w53dhLwV/thHG7HNoUBh3a5SC4KT1WFTawUrFGadl8SuKy9dhT
GLC:wuJEMsgJdQIoHtmn1ysNObF75g2JL2zJPIG6TSx8LQIwDuTY3CCGFg==
GLC:93y2puaXVuM+0xBGhhhI0qbDwkO9p38W+Q9j1rdQ
GLC:EETXTSPZOMDwLcWO7Oelkhm8ZuwomjQJ04UkQ7g=
GLC:s0X15EA16xGfFabBp/RiiuW9tpmyIg2DcnSE5ctAQJ2VQMnheoci6w==
GLC:hu4MGVTb1bfWQScPbSY3Bu9Npzejxh7T6PruI/q3tN/SZSuOp5zvGvI2eSk=
GLC:s1ZyjL511S0wzF8TGPJ3ElhoagVH5Qwh52aptcarETgk39tvqwHVpgk0IudKO0o=
GLC:uSmdm6RvZGEVds/AXFFILxwsgX1xR0Wh6fqRCkLiVhyxl7D4F2qiQchJXCOU7j3jZg4uFZzauVkEjDqZj8UaN78vnytbmv+4bxPTB3EP1hQTPpNuTwpg8xk9iy++
GLC:cq1NNlFifUzVKP8+NQ37jh7AwZfxUJRJhOw4sCEVG8uybfzNDWHoBvhjpWvCgmAmkjKsJETbATkn5BWJh/TeqdJw3vSZ1jU/fV3AaMNVx8nGLRIkMEjzFy1tvKtECrI4w2oRxzfwZBjr4g==
GLC:JG0SOw9cPjKoVvNWQ9MHVk7wHrc0u5C2PT32UcuvJLmYImJE71fu2H49YzUh
GLC:Q1PcHFEmpmnoOAXpRfAgNe8XKCQD2zYODtZhZ7erKSED0HtEpi7wZ6wMr696
GLC:+frmhG0XtL/QLhp6OF8/Rli92JTehM4XgcUiSlQW+Ynyk0/B3YNo3dUNso8CsA==
GLC:Nuzmgww63I6moIoZpuZzsV/HIN2Mi76GN0suZIXNYTaxjcAN9ZkC
GLC:93y2puaXVuM+0xBGhhhI0qbDwkO9p38W+Q9j1rdQ
GLC:EETXTSPZOMDwLcWO7Oelkhm8ZuwomjQJ04UkQ7g=
GLC:s0X15EA16xGfFabBp/RiiuW9tpmyIg2DcnSE5ctAQJ2VQMnheoci6w==
GLC:RHzbbwEQQM4K/VJ/454fVintI7BeevCTjvCa7IfKlPOirfKFfX8uhl5hcKEPxm0PGnBK
GLC:3BH1hOvPkIvo5+AdfwGUOhEU2BY5WvCDLUGnuX5JN/U3x6x/Ws47Xu8a0nyoJq0=
GLC:uSmdm6RvZGEVds/AXFFILxwsgX1xR0Wh6fqRCkLiVhyxl7D4F2qiQchJXCOU7j3jZg4uFZzauVkEjDqZj8UaN78vnytbmv+4bxPTB3EP1hQTPpNuTwpg8xk9iy++
GLC:z3E2Q6ROIbboALSgHzRBISxaBXXdViqM72kKJ72LTCt0dYdmgxbCfP2Q/G9yRlE7VlO8cn6lJ9HrWava6L0gMaI98aU4yfx52wwk4jtaVRWs3mxRn3p+gMr9UPGZ80Tfo6+qr/HjJShZLA==
GLC:JG0SOw9cPjKoVvNWQ9MHVk7wHrc0u5C2PT32UcuvJLmYImJE71fu2H49YzUh
GLC:wuJEMsgJdQIoHtmn1ysNObF75g2JL2zJPIG6TSx8LQIwDuTY3CCGFg==
GLC:Kz8VO/MJZPe8VrtqFyrrz/NmfYIdXHc2JiI38uojlunFwKYU0gi92VQ7iBQyAw==
GLC:93y2puaXVuM+0xBGhhhI0qbDwkO9p38W+Q9j1rdQ
GLC:EETXTSPZOMDwLcWO7Oelkhm8ZuwomjQJ04UkQ7g=
GLC:s0X15EA16xGfFabBp/RiiuW9tpmyIg2DcnSE5ctAQJ2VQMnheoci6w==
GLC:kiOOojECveWOSFMAnp3Nr7pIQUOJqT9dp6ESm/3D4fuVrAjSpy42Vs7heCJ30uU=
GLC:A6BaE27huvlbRBMwbLqfCDsKFPLQXEY1xmnfBAINyO6UNm3x353YlkgfpenabTQ=
GLC:uSmdm6RvZGEVds/AXFFILxwsgX1xR0Wh6fqRCkLiVhyxl7D4F2qiQchJXCOU7j3jZg4uFZzauVkEjDqZj8UaN78vnytbmv+4bxPTB3EP1hQTPpNuTwpg8xk9iy++
GLC:0eYD98Nh6lzxYqvjVIU7nhGiXBlM6ioDH4geHC0YYnT+VGe5vgDZ+pjKoyrwKgWobZL7Y3Dob6pQGfdGsHzVLTeQvPxrxdhxEPnizfIyKh32OEr1HHSf+qwsUWBt2pxnH57zhvoOQT4mOQ==
GLC:JG0SOw9cPjKoVvNWQ9MHVk7wHrc0u5C2PT32UcuvJLmYImJE71fu2H49YzUh
GLC:/3+YjdgN6n/mGfN2pNLPILCM+PfXQE+QdgCeoIYyS7GE4XSQtFbM
GLC:MiHecX5OII1dP2XvdzcEVjuYu347Mb18GlD8K1ibjVTB6yb3Ew==
GLC:d5dn/kpDxITqIQ5e3bt9zCH/qkffpLgcDpd6vXac1GS05zkHsA==
GLC:93y2puaXVuM+0xBGhhhI0qbDwkO9p38W+Q9j1rdQ
GLC:EETXTSPZOMDwLcWO7Oelkhm8ZuwomjQJ04UkQ7g=
GLC:s0X15EA16xGfFabBp/RiiuW9tpmyIg2DcnSE5ctAQJ2VQMnheoci6w==
GLC:x/+PZUyW38ebZgekYSDI/LdlCzeQ1eYF5Fu/9ITO7w1TRBYb+/3cc9lQ6aK9
GLC:QYtqrCTbsbyNsjfZWqJv5m3ybOA0Ocd55Xb6+QpLGzRP9WnYLrCUJf3VjaPmgg==
GLC:JG0SOw9cPjKoVvNWQ9MHVk7wHrc0u5C2PT32UcuvJLmYImJE71fu2H49YzUh
GLC:/J28PblwdiQoNqwwIRN/SlA9nWwk90iFO90HOtHRUHORRyKfiefu
GLC:6s5vwQfwBBtVK6CAgxC/OlAL+DUS0ozdCeAmYZ5zWl87lYAPDGtARBkpqKGNu9q+uw==
GLC:uNT/FyzafMBmnE3ZLsNwTxxHjYF3MTY8zhDCxQE+KCiDscyATA==
GLC:TqIKYrzacRMBlcywtHas4c4BAVhobyB2LyNAx4Z8OXcJqiKY
GLC:8VvAzYG7guBxyr8RiyrT6EjuAOH71wc/r6Z+sjvXLCLVPZMNNQ==
GLC:b/YrTVlasoosnE1Mnui6N4WyCY7BYJhpjn5+yYJrQIplkB9aH8Ah
GLC:s6/qqXr1Z0vyDd53Yb8ptqTUfVEmqbz0rLC5Am0IIfV44uI8+g==
GLC:93y2puaXVuM+0xBGhhhI0qbDwkO9p38W+Q9j1rdQ
GLC:EETXTSPZOMDwLcWO7Oelkhm8ZuwomjQJ04UkQ7g=
GLC:s0X15EA16xGfFabBp/RiiuW9tpmyIg2DcnSE5ctAQJ2VQMnheoci6w==
GLC:hG6x9PpBP0ep5HzJ0mFOOIxHexy0zPwGDotKwZXZtPpRSI5MQwA7fXnQ
GLC:w0IOQLA/mWNvbXrZ94vAZqOVt5RGQ68XARBR0azuy3UyaNZFFT3zq04Is/a1wQ==
GLC:uSmdm6RvZGEVds/AXFFILxwsgX1xR0Wh6fqRCkLiVhyxl7D4F2qiQchJXCOU7j3jZg4uFZzauVkEjDqZj8UaN78vnytbmv+4bxPTB3EP1hQTPpNuTwpg8xk9iy++
GLC:7DpvYMyVoK+5Z7pcwFfP7yB4cU3T+nkP69Lp36/c8xM9uRgcB/xV1mGNU11UPsnEosBpq3PAGOM1VbD+/AwsAmdkr94eOQ0zQDMNq/4mflSod6ymmHsnctzk56KYjQXb3fBo5x9NyHBmRQ==
GLC:EETXTSPZOMDwLcWO7Oelkhm8ZuwomjQJ04UkQ7g=
GLC:s0X15EA16xGfFabBp/RiiuW9tpmyIg2DcnSE5ctAQJ2VQMnheoci6w==
GLC:5ZrqnKR0dDfwJA6MtXu6Gem6unjsnJj/dxPTKg1OeIjIXuIjJGn/F8o=
GLC:VX7tUkQk17snyF2DfWEbGeD4qU9fZ/4lgP9NY7TScL3e12KwKt1eztcnjasa5g==
GLC:uSmdm6RvZGEVds/AXFFILxwsgX1xR0Wh6fqRCkLiVhyxl7D4F2qiQchJXCOU7j3jZg4uFZzauVkEjDqZj8UaN78vnytbmv+4bxPTB3EP1hQTPpNuTwpg8xk9iy++
GLC:hfAfxkfxAL9GIVtRyiRHlJzf+OYV78nlZXZd6lOhglZRVqqHr+31aEKanyi64aaZscUjIztxZI2Jboa6MrqOYiOa8iPZikLX19YU20Q4J+zsRVJKouY7D3TDHhPLHuVHS2A3qoZCzez9NA==
GLC:EETXTSPZOMDwLcWO7Oelkhm8ZuwomjQJ04UkQ7g=
GLC:s0X15EA16xGfFabBp/RiiuW9tpmyIg2DcnSE5ctAQJ2VQMnheoci6w==
GLC:UfGgcjfEZZbC79RD6zBGqqgiICJkdiC0FMa/JQD/N0P5eXLfvaPJ3qeD
GLC:EV/d3atAY5118ozLgt4oJLsUHO6KiafnZokFHFv1ucWJ8USWxc7w6RlECBPWjes=
GLC:uSmdm6RvZGEVds/AXFFILxwsgX1xR0Wh6fqRCkLiVhyxl7D4F2qiQchJXCOU7j3jZg4uFZzauVkEjDqZj8UaN78vnytbmv+4bxPTB3EP1hQTPpNuTwpg8xk9iy++
GLC:cs+tA594huAe6tKcCje/n9O0qg775RKjwcGlENDei8+RpdVi6IVfcRF0yfKEt4z/FlT1QAdLusb0iMO6bHhxEcV/phjEK+s65pXXVFRzZHn+0IkJcUldPfV3lqJHGbABPcSd7cdxWTou5w==
GLC:JG0SOw9cPjKoVvNWQ9MHVk7wHrc0u5C2PT32UcuvJLmYImJE71fu2H49YzUh
GLC:/lJo2w+VwIzcewM518ZLdLudN/mCMVghRK0XoS8Iw4QM5jLGUuoG
GLC:93y2puaXVuM+0xBGhhhI0qbDwkO9p38W+Q9j1rdQ
GLC:EETXTSPZOMDwLcWO7Oelkhm8ZuwomjQJ04UkQ7g=
GLC:s0X15EA16xGfFabBp/RiiuW9tpmyIg2DcnSE5ctAQJ2VQMnheoci6w==
GLC:LnCfcD/9dIxdi1FomKHpq8VOYRWj79xHtIPhlxh1u59OU7qvHnsQSQoOKg==
GLC:EhWxtT4vZ37XPp3NvtkppV7UDlwhMTiOanmYMiC6mwug5z+AGIM4T4Keii3lYg==
GLC:uSmdm6RvZGEVds/AXFFILxwsgX1xR0Wh6fqRCkLiVhyxl7D4F2qiQchJXCOU7j3jZg4uFZzauVkEjDqZj8UaN78vnytbmv+4bxPTB3EP1hQTPpNuTwpg8xk9iy++
GLC:LDPsbfs27QzdrBP5vjO9nehkVGQDfgZ38xoJX6Vs//kiOmYvScv7NnuddnwbTuRxjHLTTQG4pmksqZ55EJeC6uRsyVa6OGY6xJ02mK3cpdH0Rjk9I2IwhI7TwHWRNdARcv3QfrNcIz5xIw==
GLC:JG0SOw9cPjKoVvNWQ9MHVk7wHrc0u5C2PT32UcuvJLmYImJE71fu2H49YzUh
GLC:DrJjJSqCgrrk6NGo8PGwWxgSwDCjRqlKOkHPE7cBXNyWxw8+QzQXTTB1acbN3g==
GLC:93y2puaXVuM+0xBGhhhI0qbDwkO9p38W+Q9j1rdQ
GLC:EETXTSPZOMDwLcWO7Oelkhm8ZuwomjQJ04UkQ7g=
GLC:s0X15EA16xGfFabBp/RiiuW9tpmyIg2DcnSE5ctAQJ2VQMnheoci6w==
GLC:W55vvNfdt2j2o/Z9VAZWDwylDIG9vTMtEiH9T3x9toLIwkTNJXaReWTdJEBeb268pAFiCBAB4e7jVQ==
GLC:4U+IOBiS7twh+yilCMt2sD874HL89vn2x8BnTFRPasybGClltBVBr6Q8lMngLao=
GLC:uSmdm6RvZGEVds/AXFFILxwsgX1xR0Wh6fqRCkLiVhyxl7D4F2qiQchJXCOU7j3jZg4uFZzauVkEjDqZj8UaN78vnytbmv+4bxPTB3EP1hQTPpNuTwpg8xk9iy++
GLC:b7boPvkSwSj77AgE+g3oe0A4oLQWXXm/Qu9Ev57yAW4s/AoEbrOyvoDTaZi2+qfbnj9zUC5FFB9tVHjbntB5vPuZLCPyJOdPnUCI2z4hZKrP0KmneqN39JF5UR/q3ewUajTbYXZLLRPq1g==
GLC:EETXTSPZOMDwLcWO7Oelkhm8ZuwomjQJ04UkQ7g=
GLC:s0X15EA16xGfFabBp/RiiuW9tpmyIg2DcnSE5ctAQJ2VQMnheoci6w==
GLC:o4ydefylspefPgjFGKlGPXwIZWnkrU0qk6h3oIDa9LbHR5j7jf9zbVIb
GLC:wZM/ELmlhmt4Zhtzdc/0ckuu4eyetNjC7e4p1et9p7qgxynt6Iqn77bNADdvpJf5
GLC:uSmdm6RvZGEVds/AXFFILxwsgX1xR0Wh6fqRCkLiVhyxl7D4F2qiQchJXCOU7j3jZg4uFZzauVkEjDqZj8UaN78vnytbmv+4bxPTB3EP1hQTPpNuTwpg8xk9iy++
GLC:gH3edDSFRQ17ZSQLN025ToJ3KfqN2KwLmDr+YssAdRAVH5ePYam1crd+xLKERkc1Q5wDLgV3TKTEQ3zonb1vJZZHLNh+rYSjaTKepcvtcqdR8um8FAbh2wpQrEWPW3gxMZ5p+932UlIjTg==
GLC:EETXTSPZOMDwLcWO7Oelkhm8ZuwomjQJ04UkQ7g=
GLC:s0X15EA16xGfFabBp/RiiuW9tpmyIg2DcnSE5ctAQJ2VQMnheoci6w==
GLC:3Uaues0MSy/dU4fI86clZWzVVhQxy3t7v6Ro7l6me289IyPS1M0ISpSZYviG85R4ALU/ZKN7hgI=
GLC:4U+IOBiS7twh+yilCMt2sD874HL89vn2x8BnTFRPasybGClltBVBr6Q8lMngLao=
GLC:uSmdm6RvZGEVds/AXFFILxwsgX1xR0Wh6fqRCkLiVhyxl7D4F2qiQchJXCOU7j3jZg4uFZzauVkEjDqZj8UaN78vnytbmv+4bxPTB3EP1hQTPpNuTwpg8xk9iy++
GLC:ln/AA/QsZpeKASLPxhIbcsO38qv+RGpKzyPTDD+MySSTzshxdLDu2D42Bi1aAdroTkL7UjLL+6VmL0BTm36tlhSoK+BHs6WgIE9i7BY8/PG8F6pu2lvgkqR4bEccynXQJ7esR9/lKwiezg==
GLC:EETXTSPZOMDwLcWO7Oelkhm8ZuwomjQJ04UkQ7g=
GLC:s0X15EA16xGfFabBp/RiiuW9tpmyIg2DcnSE5ctAQJ2VQMnheoci6w==
GLC:dDsQ1o+cawcTx4j+7e3392vPhX9zHoGkfo/5U8/+D93bLi9TeXoOLm/zObhYThT1Db8=
GLC:HYdp4Ep6bXsx0oQnYluMlqa8vkYXcOHm5D68zpq/tueR39HfEARgLsspPG0Zqg==
GLC:uSmdm6RvZGEVds/AXFFILxwsgX1xR0Wh6fqRCkLiVhyxl7D4F2qiQchJXCOU7j3jZg4uFZzauVkEjDqZj8UaN78vnytbmv+4bxPTB3EP1hQTPpNuTwpg8xk9iy++
GLC:YGdb+JxRUMm+HiGaSHhSd8cRb1cPwj94fDSrliBJGg8fobVkAXkHPBSIY56qOt7Fskzm2Opfyrbqg0N4cUoxfkfIPLHno79+LruzfbHRg/bgauKOowmwwNIsWT6MgCSBmlXuF9fetJPWmw==
GLC:EETXTSPZOMDwLcWO7Oelkhm8ZuwomjQJ04UkQ7g=
GLC:s0X15EA16xGfFabBp/RiiuW9tpmyIg2DcnSE5ctAQJ2VQMnheoci6w==
GLC:3vOgizQIaeAJ58TP4UIECJEA/VO9gTolv+OMYrQOBxPKPpP+Sdfv1eW54NU=
GLC:mJUYQOAKVmrH/d4myinR8zg3kufxgFwvsrTQAdGNKcElNTNelrG2usYdZeY4WOk=
GLC:uSmdm6RvZGEVds/AXFFILxwsgX1xR0Wh6fqRCkLiVhyxl7D4F2qiQchJXCOU7j3jZg4uFZzauVkEjDqZj8UaN78vnytbmv+4bxPTB3EP1hQTPpNuTwpg8xk9iy++
GLC:NTEFPPTIo4VhCqWqbEFFC4I8z9JcxC6O0aMqDzZ/7VvDb1zNWRiuVeFgE13jZqbMr2g1ulJZFAobapjYniiXQNgzEDgR5JYPVXTm4vlxQQpocqzJoYCnH76Ha9BrkLMRsYMUFfAD8sHhRA==
GLC:JG0SOw9cPjKoVvNWQ9MHVk7wHrc0u5C2PT32UcuvJLmYImJE71fu2H49YzUh
GLC:/lJo2w+VwIzcewM518ZLdLudN/mCMVghRK0XoS8Iw4QM5jLGUuoG
GLC:8VvAzYG7guBxyr8RiyrT6EjuAOH71wc/r6Z+sjvXLCLVPZMNNQ==
GLC:93y2puaXVuM+0xBGhhhI0qbDwkO9p38W+Q9j1rdQ
GLC:EETXTSPZOMDwLcWO7Oelkhm8ZuwomjQJ04UkQ7g=
GLC:s0X15EA16xGfFabBp/RiiuW9tpmyIg2DcnSE5ctAQJ2VQMnheoci6w==
GLC:CzKpjxudBzHJExh3Eu1uE75aqT0a4G4gTaFvWX22QfK1ugdPywSFJG/kPPG6Eg==
GLC:1z6qPxN9euWvd7RZCd91kXuX4XXFDUjuWRzMkmdgQVEb4bVip16ea0Y1s06a4Q==
GLC:uSmdm6RvZGEVds/AXFFILxwsgX1xR0Wh6fqRCkLiVhyxl7D4F2qiQchJXCOU7j3jZg4uFZzauVkEjDqZj8UaN78vnytbmv+4bxPTB3EP1hQTPpNuTwpg8xk9iy++
GLC:ZWHRzKzXYIS8jBvGNnf+WbO8XnukEo8um50K2kDbta3Ct3DcncTcrcg6YH2uxcHJS/UJEwd3i6qL/ZSAPgEO9sQzvJ7ZZhwgWxEEcsOsgrA5xTHVuaR3yIdF+TeyfTGmvhbL2PLH0Ck0pw==
GLC:JG0SOw9cPjKoVvNWQ9MHVk7wHrc0u5C2PT32UcuvJLmYImJE71fu2H49YzUh
GLC:aAJKBrPjE9cagghbf1KO3rSI8HiYDPNnq3aF/0uINQDjM8SldLHpVh+b5ck=
GLC:WA6Rn5iOkFogpMD2ESIwlNzmfTiNtjCKNNSKMuULJdtmBPgjWHUZ/ZESDMwn
GLC:IhVtGY8A/z2PIPwk1O4Xcn5UsrWVY1f+X8hy9D3e1tQ55+lHEpcjNmXHtjBlLsE=
GLC:93y2puaXVuM+0xBGhhhI0qbDwkO9p38W+Q9j1rdQ
GLC:EETXTSPZOMDwLcWO7Oelkhm8ZuwomjQJ04UkQ7g=
GLC:s0X15EA16xGfFabBp/RiiuW9tpmyIg2DcnSE5ctAQJ2VQMnheoci6w==
GLC:zLSqMD2YgqU7lVczfPS0W5VGgOg2ECzzk0bH4MWn/TulHrERaUmKrHaiVNpEOWCIvg==
GLC:7Dvs4ofTVxP6kuIVzgCB14wM3MHUBKjag2UgPtsY+mT1f/QPYRUbiWBb4XWbZtcO
GLC:uSmdm6RvZGEVds/AXFFILxwsgX1xR0Wh6fqRCkLiVhyxl7D4F2qiQchJXCOU7j3jZg4uFZzauVkEjDqZj8UaN78vnytbmv+4bxPTB3EP1hQTPpNuTwpg8xk9iy++
GLC:Xrzmz+Lw+nvPud1Bj40wv0H6uRgJSK1WLowWsTEqMqf2ZNEEtH0YbPX3OMKg9G0r2Du198VrzLMnM43Av1X5fU6HMUQsOUtWYscdg6wCQGsERH3iWcMj2qF0sAWAOVVPcCvR2LIofJxpRQ==
GLC:JG0SOw9cPjKoVvNWQ9MHVk7wHrc0u5C2PT32UcuvJLmYImJE71fu2H49YzUh
GLC:cLvjMl3B4UPk6Kpx5sw650lIV0WV7hCe08B8jL5stsFaOOLx9zzwlRs4DQ+h4g==
GLC:93y2puaXVuM+0xBGhhhI0qbDwkO9p38W+Q9j1rdQ
GLC:EETXTSPZOMDwLcWO7Oelkhm8ZuwomjQJ04UkQ7g=
GLC:s0X15EA16xGfFabBp/RiiuW9tpmyIg2DcnSE5ctAQJ2VQMnheoci6w==
GLC:+rGJUKSEs405xaGqub0dlMBf4ux7t7jCfx+AmT/PQHAQ3II2NEXHse4KBA==
GLC:8a+68OL/GcXf/ze0tQlrFOf73CZc/OVZ4zHIEq6iT0oNTczyztpaqj38eYkSnMk=
GLC:uSmdm6RvZGEVds/AXFFILxwsgX1xR0Wh6fqRCkLiVhyxl7D4F2qiQchJXCOU7j3jZg4uFZzauVkEjDqZj8UaN78vnytbmv+4bxPTB3EP1hQTPpNuTwpg8xk9iy++
GLC:IY4+7iPIDthvn76QqSgZcx4ebpYJuDA7Cz4MZZHByneIzqKeW1Ib32V01xSpkBZVPC0KL3/kSqodovHVr5xitBVMVrVGVXPlt2sPIbpuenJ55y06ygf4gmaAZjOhLGREDEx29L17f6CrjQ==
GLC:JG0SOw9cPjKoVvNWQ9MHVk7wHrc0u5C2PT32UcuvJLmYImJE71fu2H49YzUh
GLC:wuU4Zp7OhNw0sHanad+0o5C8Stutbb7aaGSCSMD7DEt0u9XNVdKZ2Kvd9nc=
GLC:93y2puaXVuM+0xBGhhhI0qbDwkO9p38W+Q9j1rdQ
GLC:EETXTSPZOMDwLcWO7Oelkhm8ZuwomjQJ04UkQ7g=
GLC:s0X15EA16xGfFabBp/RiiuW9tpmyIg2DcnSE5ctAQJ2VQMnheoci6w==
GLC:3xy7NWJVSrYuM2bYklZxeFVllZp4WoQRA99bolO6TAZplxY5aUVPSvsg2YCt3ro=
GLC:VMUzi9WAe0HMKSFKJpRuVT2qUKfvSoqSF/0EVu6gdpiHgNZF9wJsP0cjMsnDCQ==
GLC:uSmdm6RvZGEVds/AXFFILxwsgX1xR0Wh6fqRCkLiVhyxl7D4F2qiQchJXCOU7j3jZg4uFZzauVkEjDqZj8UaN78vnytbmv+4bxPTB3EP1hQTPpNuTwpg8xk9iy++
GLC:GjAxlc1PIbjEae86lVWZtWENlrIm1uPnUJqtDTLcYHfLZkLnjhe6u8Y82/u9YNzeGQlo51BOzNhg0rsXG46wLCVfVQl9GYvasmaN6kyRndFYaZv3euI8kxlRMTiF0N51Q0NvIO0W/m9cXg==
GLC:JG0SOw9cPjKoVvNWQ9MHVk7wHrc0u5C2PT32UcuvJLmYImJE71fu2H49YzUh
GLC:rQTe/mwuytWkZ4khKPIaYImMXnhNPLwpV9TwN7EozVdeU11k7JK3pCf4
GLC:93y2puaXVuM+0xBGhhhI0qbDwkO9p38W+Q9j1rdQ
GLC:EETXTSPZOMDwLcWO7Oelkhm8ZuwomjQJ04UkQ7g=
GLC:s0X15EA16xGfFabBp/RiiuW9tpmyIg2DcnSE5ctAQJ2VQMnheoci6w==
GLC:zFXo6DvLC2q8iQjonKkLMhdEhePOxWOIXp+0d1LDMz8xjDBxxY51YG1c
GLC:USuFodclqRvrqjGHXQFqsu0adMz/EWCAmSsuOkQIYpagWKwlExtKMRoU9434WG8=
GLC:uSmdm6RvZGEVds/AXFFILxwsgX1xR0Wh6fqRCkLiVhyxl7D4F2qiQchJXCOU7j3jZg4uFZzauVkEjDqZj8UaN78vnytbmv+4bxPTB3EP1hQTPpNuTwpg8xk9iy++
GLC:lnH32MCtWlJ1++EtI31S5sVwKD36+98+KJuGQWcb4ZcbH8upcp9SBoEmN+5+ocA1vO8Y515hyRx/DBkh1wxH/7WsBXVxbuH/YKuUefxTzQkQmajA87ZhshoRMdTiKZiiPdYWCZQUqYzbWw==
GLC:JG0SOw9cPjKoVvNWQ9MHVk7wHrc0u5C2PT32UcuvJLmYImJE71fu2H49YzUh
GLC:/3+YjdgN6n/mGfN2pNLPILCM+PfXQE+QdgCeoIYyS7GE4XSQtFbM
GLC:aAJKBrPjE9cagghbf1KO3rSI8HiYDPNnq3aF/0uINQDjM8SldLHpVh+b5ck=
GLC:/lJo2w+VwIzcewM518ZLdLudN/mCMVghRK0XoS8Iw4QM5jLGUuoG
GLC:93y2puaXVuM+0xBGhhhI0qbDwkO9p38W+Q9j1rdQ
GLC:EETXTSPZOMDwLcWO7Oelkhm8ZuwomjQJ04UkQ7g=
GLC:s0X15EA16xGfFabBp/RiiuW9tpmyIg2DcnSE5ctAQJ2VQMnheoci6w==
GLC:DK07O4Yll8X46GDqfNT3BUd6kCcf6r/Nkc2JRXj9ZJ2lwaYv2mukuu1un3E=
GLC:cm0CucOmul7ocqCHSLtV6NC8XRbUdSN/1cvNp58B4w/J2awzGdhBYDG1N5P1zTo=
GLC:uSmdm6RvZGEVds/AXFFILxwsgX1xR0Wh6fqRCkLiVhyxl7D4F2qiQchJXCOU7j3jZg4uFZzauVkEjDqZj8UaN78vnytbmv+4bxPTB3EP1hQTPpNuTwpg8xk9iy++
GLC:++/fLf1pj4vPOt+cSsBrDD6zL36CegeK+KB9pf+RVJDxl9JLhYdMPEVcKOGOOKlI43tUVZTi8jhlExBo0EQpwnvK3luV+DXL9vFho7xNzmTU2EsbdaONgbG5Rmtt/+yhwe3MrOGW5A57FQ==
GLC:EETXTSPZOMDwLcWO7Oelkhm8ZuwomjQJ04UkQ7g=
GLC:s0X15EA16xGfFabBp/RiiuW9tpmyIg2DcnSE5ctAQJ2VQMnheoci6w==
GLC:nKIvq3coEaUAnpkq7ROOuChcMxwmJ6g04WnrvAJvu3Gd+hB6uV9IzdDBeKA=
GLC:rLupzavkdLqFeYMzKael+SChKV2aD8BOR49FbdxPw6ftosYQxZF0/rGMfONUiw==
GLC:uSmdm6RvZGEVds/AXFFILxwsgX1xR0Wh6fqRCkLiVhyxl7D4F2qiQchJXCOU7j3jZg4uFZzauVkEjDqZj8UaN78vnytbmv+4bxPTB3EP1hQTPpNuTwpg8xk9iy++
GLC:kS9GFyXqZJAMdBDN0neQCnIyU09zVosNRD6BY55apXasyKcUV7erL2V7fwK92wzDDRH183vbUGT0+J2Mq17GT/QzwCuObIlvidj5UsD2obJpSyCyoFTFD+IM5RikIzvXmQ3+5+vNkXnp/A==
GLC:EETXTSPZOMDwLcWO7Oelkhm8ZuwomjQJ04UkQ7g=
GLC:s0X15EA16xGfFabBp/RiiuW9tpmyIg2DcnSE5ctAQJ2VQMnheoci6w==
GLC:lnLScAzrk6lDSAO0PCmnhYQ+WV0JxV4SLGGkEKcPkLSm222h7t924G8=
GLC:G8a/aY8XyRPmLTHJptU8GXKuIFB7RFHxatIypObSFTnktJj84feG4fOZ7sHp2WbC
GLC:uSmdm6RvZGEVds/AXFFILxwsgX1xR0Wh6fqRCkLiVhyxl7D4F2qiQchJXCOU7j3jZg4uFZzauVkEjDqZj8UaN78vnytbmv+4bxPTB3EP1hQTPpNuTwpg8xk9iy++
GLC:+523wVDX1i7/ZIzcF28mIC3DCTIQM57LkAPfeKIStvmVrK84BxV7VwQOT5YetMrG9fbOgyGoOBIzNMj1l7yQAX7SmrjjnXlv/3DnClyH4FXiLObNsjbr7x4bcSi467kx3p1HK4YthhsWTA==
GLC:JG0SOw9cPjKoVvNWQ9MHVk7wHrc0u5C2PT32UcuvJLmYImJE71fu2H49YzUh
GLC:wuU4Zp7OhNw0sHanad+0o5C8Stutbb7aaGSCSMD7DEt0u9XNVdKZ2Kvd9nc=
GLC:9/dMtUHKgPXr8bOQyc2oQAWIN4Yd2aEgzhueID5VZS71vKAmq5I=
GLC:cLvjMl3B4UPk6Kpx5sw650lIV0WV7hCe08B8jL5stsFaOOLx9zzwlRs4DQ+h4g==
GLC:93y2puaXVuM+0xBGhhhI0qbDwkO9p38W+Q9j1rdQ
GLC:EETXTSPZOMDwLcWO7Oelkhm8ZuwomjQJ04UkQ7g=
GLC:s0X15EA16xGfFabBp/RiiuW9tpmyIg2DcnSE5ctAQJ2VQMnheoci6w==
GLC:cVkgWh2al+A7OYl4pBf576iWjx+ERTKnjvjjk6ebQ5zduAiWJqQbRyYUOt7W
GLC:CbQyAtmJxiTGEnFzOE5S5gfGRKz324PDqiEwEShxflxJsdPNUrGDd5ll5ilMN98=
GLC:uSmdm6RvZGEVds/AXFFILxwsgX1xR0Wh6fqRCkLiVhyxl7D4F2qiQchJXCOU7j3jZg4uFZzauVkEjDqZj8UaN78vnytbmv+4bxPTB3EP1hQTPpNuTwpg8xk9iy++
GLC:ZX8JbtkzreFKdfsvRKMk2A0VW078YakmFEE7k4YXEOhMpyA9X0tLteyVoqsYJpVFfcppITR5IOvOEhI8LhqxezPBLuxo1SUEvDlHDK6b+QNdiK60UZXFt35yw943gM1HjPB+pBLFpG+VGg==
GLC:EETXTSPZOMDwLcWO7Oelkhm8ZuwomjQJ04UkQ7g=
GLC:s0X15EA16xGfFabBp/RiiuW9tpmyIg2DcnSE5ctAQJ2VQMnheoci6w==
GLC:7HoO3iXKsZdsqtAL4plwnQc5vl8bmgFcm8X2HPa5puFCiNPHvUW4yjWm/a7WyTdB6zmV
GLC:AV1LM5gImIaskhDhSGCdV8yfK0f1sbFJsy9rJSQKoGA2EC7vjg8ruh+xH/dhKmg=
GLC:uSmdm6RvZGEVds/AXFFILxwsgX1xR0Wh6fqRCkLiVhyxl7D4F2qiQchJXCOU7j3jZg4uFZzauVkEjDqZj8UaN78vnytbmv+4bxPTB3EP1hQTPpNuTwpg8xk9iy++
GLC:CRU7YUbq0/NrGxsDr8PsFGVr9MpN6e9v4qmE1OswbMiEe4QRZnEVnQkvRW69dslwa5M0ATAn/mKU2IW/a8QEr8RZxyrqIgzWJ3ZUN/vJSJMaSyKyyuqXpK0IPU5fLjR232X3yxBErL3lWQ==
GLC:EETXTSPZOMDwLcWO7Oelkhm8ZuwomjQJ04UkQ7g=
GLC:s0X15EA16xGfFabBp/RiiuW9tpmyIg2DcnSE5ctAQJ2VQMnheoci6w==
GLC:JdjgvR4KbIVosi6XzGNeRrT/3nBROnGAig4egwqO1IYDmH9Urg/neuig/slNQOyHtp+0SQ==
GLC:dqmYg9yDjgHjiJUHfYct4hH8h38Wz/vhB58SrCxEhAcRI9jomKY/QzBzypTQmg==
GLC:uSmdm6RvZGEVds/AXFFILxwsgX1xR0Wh6fqRCkLiVhyxl7D4F2qiQchJXCOU7j3jZg4uFZzauVkEjDqZj8UaN78vnytbmv+4bxPTB3EP1hQTPpNuTwpg8xk9iy++
GLC:44wpaxIW+PwJgGkfSSTa03HYI9qEIaP+JNgTqD6eBVMVRa8LKv/14/FXrLyqjSAFjRCV5DT94mryxikZXh3P7OJhL/mztORVocBnmcI+knkJIe2+YncprJ1SKsFJ/hpGtATRd1CFr6HFLA==
GLC:JG0SOw9cPjKoVvNWQ9MHVk7wHrc0u5C2PT32UcuvJLmYImJE71fu2H49YzUh
GLC:+frmhG0XtL/QLhp6OF8/Rli92JTehM4XgcUiSlQW+Ynyk0/B3YNo3dUNso8CsA==
GLC:Nuzmgww63I6moIoZpuZzsV/HIN2Mi76GN0suZIXNYTaxjcAN9ZkC
GLC:93y2puaXVuM+0xBGhhhI0qbDwkO9p38W+Q9j1rdQ
GLC:EETXTSPZOMDwLcWO7Oelkhm8ZuwomjQJ04UkQ7g=
GLC:s0X15EA16xGfFabBp/RiiuW9tpmyIg2DcnSE5ctAQJ2VQMnheoci6w==
GLC:EoI8Ky4PKsCQRQcQfWtSgokLHO5tveb0cTgLufhOFkRVMpRSVINzRSFcSWwbuWk=
GLC:E2OvS8FL/jIv4GnF5rcGMeaZvh6DSi+9ntg8N5D+QcZJ2PjJagMfsdWAdczShw==
GLC:uSmdm6RvZGEVds/AXFFILxwsgX1xR0Wh6fqRCkLiVhyxl7D4F2qiQchJXCOU7j3jZg4uFZzauVkEjDqZj8UaN78vnytbmv+4bxPTB3EP1hQTPpNuTwpg8xk9iy++
GLC:0wZvDOG+XaQrCzYBsYCIAzzi8om0D0NxSJ9V3+Fw5pBej6ZSfPttRZipin56bUWhXfcb9RKzOtVOa8D+W5cgMLz6np4JvqFAnBKQxqZ4czQutJm2RDlLP6Gc1QIdTnpC3Hl+Wtv4PwgOFQ==
GLC:EETXTSPZOMDwLcWO7Oelkhm8ZuwomjQJ04UkQ7g=
GLC:s0X15EA16xGfFabBp/RiiuW9tpmyIg2DcnSE5ctAQJ2VQMnheoci6w==
GLC:VsyQWhRPCGfTTGLH0tq5RVDb2xyxmDKnvq0wszBb9HTwlwNzkASqg1BQh0t8bRTO71ad
GLC:oAWO1KuebikYp0IVPRJI2Hdd/KF5krMCpZ79CAmaIf+XmqRVLic3WXTCuVhkOw==
GLC:uSmdm6RvZGEVds/AXFFILxwsgX1xR0Wh6fqRCkLiVhyxl7D4F2qiQchJXCOU7j3jZg4uFZzauVkEjDqZj8UaN78vnytbmv+4bxPTB3EP1hQTPpNuTwpg8xk9iy++
GLC:6iljvG/r8tL7GUIDbXoq+5Wd3uls7w8MfqHOecmL2s7DQwV3p4RqABBI2evjjrWFbdb+pFMl/JUd6nDMdHdN/b5mCnWKJcF2KNu8X1G9fWa+rOG4HX8z0ol3VdLs6qKiyXMFSkybaYnsyA==
GLC:EETXTSPZOMDwLcWO7Oelkhm8ZuwomjQJ04UkQ7g=
GLC:s0X15EA16xGfFabBp/RiiuW9tpmyIg2DcnSE5ctAQJ2VQMnheoci6w==
GLC:3MZV+r8T+CjIV9nO5xJib8kX4Et8jRkxpP15VERP+tJh6kjJmzLRm9OA
GLC:gnrXOiFEY7D+sk6StG7OxAMESVfS+h42J59lFJXPk+zBn2P0wE7XCyzqnApQOHWNs6+94EUBuGXifNCbvgxA3uq6CrEkaw==
GLC:uSmdm6RvZGEVds/AXFFILxwsgX1xR0Wh6fqRCkLiVhyxl7D4F2qiQchJXCOU7j3jZg4uFZzauVkEjDqZj8UaN78vnytbmv+4bxPTB3EP1hQTPpNuTwpg8xk9iy++
GLC:+SkU1HtqeQq0IX6taPfTxxlyd73bsXvfpbDukoWxn2ZCmfFLSITzwOKE3TScvoKZlIpAW0gmETIm/+q4KUVDEcXvP0HZvUTs7gZGvu+bhKMpMv89T8fZo1ABeuLgmhpxKn2Fj2wxHM7Zvw==
GLC:EETXTSPZOMDwLcWO7Oelkhm8ZuwomjQJ04UkQ7g=
GLC:s0X15EA16xGfFabBp/RiiuW9tpmyIg2DcnSE5ctAQJ2VQMnheoci6w==
GLC:IPqCbGoSUk3XMenmBFf/A6zfqf03aViXOLemAay6bahtmtphq5h6+ipM94M1MeM/3/c=
GLC:uPoWTOivlQNfRfmw0g61RJYYQz7NXtuQQkvkjXjcJHDWTSwbqqFahRZHC8yN+g==
GLC:uSmdm6RvZGEVds/AXFFILxwsgX1xR0Wh6fqRCkLiVhyxl7D4F2qiQchJXCOU7j3jZg4uFZzauVkEjDqZj8UaN78vnytbmv+4bxPTB3EP1hQTPpNuTwpg8xk9iy++
GLC:aQLxmcgUe0SRJTlYQSoZimGIKAyBnhRP/YN3UB17iR8KXxUj3R9YxesAurXZFwGrT8jHurAZaZDMGtVHodOMyDk+9T4vsciKSMAMjKOeZvzFNnt0nndwEKww4+lPiW1fYieugDq7+O1JUw==
GLC:EETXTSPZOMDwLcWO7Oelkhm8ZuwomjQJ04UkQ7g=
GLC:s0X15EA16xGfFabBp/RiiuW9tpmyIg2DcnSE5ctAQJ2VQMnheoci6w==
GLC:hPaX7+15Ket+RcngkanFVaxxzwIn9/El7y4gVQrUalvbf1RD7w4xT6Eyrf8bVOyETQ==
GLC:qAQkfbdllO1xN40NnBFiW7f6OESqK/9bqRPWXxHDLm2QgBNk6xtdM6WWLDvkafw=
GLC:uSmdm6RvZGEVds/AXFFILxwsgX1xR0Wh6fqRCkLiVhyxl7D4F2qiQchJXCOU7j3jZg4uFZzauVkEjDqZj8UaN78vnytbmv+4bxPTB3EP1hQTPpNuTwpg8xk9iy++
GLC:K2kwmnF30bx3WP46ODdyRBKxJ5htzkzr6OxHPNaix37wG96Kp05yJD2szzQeqGXzUIJvRd78s1vOvO7K37nu0ha6JQ66gDpSPqX4EhW0jMOdNKSG0qeInQ+6RKTUGVq3l5lhFeN0zOpd7g==
GLC:JG0SOw9cPjKoVvNWQ9MHVk7wHrc0u5C2PT32UcuvJLmYImJE71fu2H49YzUh
GLC:yAs8pyoruwHReUC5xj3tUb2GAJDD6gSc3nwqTYvAnivfZGclxudX7PJ9phtX
GLC:93y2puaXVuM+0xBGhhhI0qbDwkO9p38W+Q9j1rdQ
GLC:EETXTSPZOMDwLcWO7Oelkhm8ZuwomjQJ04UkQ7g=
GLC:s0X15EA16xGfFabBp/RiiuW9tpmyIg2DcnSE5ctAQJ2VQMnheoci6w==
GLC:F6LKEyhS+cSx+IHf+VvCOEj7wG/IvAtt4h/dyQ/pRdT8ZWyTL2zLFFnJIn6/
GLC:YHDxYMHHQT3xt+zHtjiSDk2ttJutFb8XABuZfsFzUMbXrR4hiAIHoPn7oEy1aw==
GLC:uSmdm6RvZGEVds/AXFFILxwsgX1xR0Wh6fqRCkLiVhyxl7D4F2qiQchJXCOU7j3jZg4uFZzauVkEjDqZj8UaN78vnytbmv+4bxPTB3EP1hQTPpNuTwpg8xk9iy++
GLC:5YHwceqaDFDhOh5YgLOr6dNrlT7thyHm5maMAOQ0zzXPy+2LsT5QupF3W9mLNTJI7iYMrWod1EhtGrrQ1+R3ylWBaM7vjB5F5tAFh+FB8Dns0mxylNCJ78Gg+5a5W+H6sBksd0/cElCFvQ==
